{
  "name": "etroutes",
  "version": "0.0.1",
  "dependencies": {
    "express": {
      "version": "3.3.4",
      "from": "express@3.3.4",
      "resolved": "https://registry.npmjs.org/express/-/express-3.3.4.tgz",
      "dependencies": {
        "connect": {
          "version": "2.8.4",
          "from": "connect@2.8.4",
          "resolved": "https://registry.npmjs.org/connect/-/connect-2.8.4.tgz",
          "dependencies": {
            "qs": {
              "version": "0.6.5",
              "from": "qs@0.6.5"
            },
            "formidable": {
              "version": "1.0.14",
              "from": "formidable@1.0.14"
            },
            "bytes": {
              "version": "0.2.0",
              "from": "bytes@0.2.0"
            },
            "pause": {
              "version": "0.0.1",
              "from": "pause@0.0.1"
            },
            "uid2": {
              "version": "0.0.2",
              "from": "uid2@0.0.2"
            }
          }
        },
        "commander": {
          "version": "1.2.0",
          "from": "commander@1.2.0",
          "dependencies": {
            "keypress": {
              "version": "0.1.0",
              "from": "keypress@0.1.x"
            }
          }
        },
        "range-parser": {
          "version": "0.0.4",
          "from": "range-parser@0.0.4"
        },
        "mkdirp": {
          "version": "0.3.5",
          "from": "mkdirp@0.3.x"
        },
        "cookie": {
          "version": "0.1.0",
          "from": "cookie@0.1.0"
        },
        "buffer-crc32": {
          "version": "0.2.1",
          "from": "buffer-crc32@0.2.1"
        },
        "fresh": {
          "version": "0.1.0",
          "from": "fresh@0.1.0",
          "resolved": "https://registry.npmjs.org/fresh/-/fresh-0.1.0.tgz"
        },
        "methods": {
          "version": "0.0.1",
          "from": "methods@0.0.1"
        },
        "send": {
          "version": "0.1.3",
          "from": "send@0.1.3",
          "resolved": "https://registry.npmjs.org/send/-/send-0.1.3.tgz",
          "dependencies": {
            "mime": {
              "version": "1.2.11",
              "from": "mime@~1.2.9"
            }
          }
        },
        "cookie-signature": {
          "version": "1.0.1",
          "from": "cookie-signature@1.0.1"
        },
        "debug": {
          "version": "0.7.2",
          "from": "debug@*"
        }
      }
    },
    "feedparser": {
      "version": "0.16.1",
      "from": "feedparser@0.16.1",
      "resolved": "https://registry.npmjs.org/feedparser/-/feedparser-0.16.1.tgz",
      "dependencies": {
        "sax": {
          "version": "0.5.5",
          "from": "sax@0.5.x",
          "resolved": "https://registry.npmjs.org/sax/-/sax-0.5.5.tgz"
        },
        "request": {
          "version": "2.21.0",
          "from": "request@2.21.x",
          "dependencies": {
            "qs": {
              "version": "0.6.5",
              "from": "qs@~0.6.0"
            },
            "json-stringify-safe": {
              "version": "4.0.0",
              "from": "json-stringify-safe@~4.0.0"
            },
            "forever-agent": {
              "version": "0.5.0",
              "from": "forever-agent@~0.5.0"
            },
            "tunnel-agent": {
              "version": "0.3.0",
              "from": "tunnel-agent@~0.3.0"
            },
            "http-signature": {
              "version": "0.9.11",
              "from": "http-signature@~0.9.11",
              "dependencies": {
                "assert-plus": {
                  "version": "0.1.2",
                  "from": "assert-plus@0.1.2"
                },
                "asn1": {
                  "version": "0.1.11",
                  "from": "asn1@0.1.11"
                },
                "ctype": {
                  "version": "0.5.2",
                  "from": "ctype@0.5.2"
                }
              }
            },
            "hawk": {
              "version": "0.13.1",
              "from": "hawk@~0.13.0",
              "dependencies": {
                "hoek": {
                  "version": "0.8.5",
                  "from": "hoek@0.8.x"
                },
                "boom": {
                  "version": "0.4.2",
                  "from": "boom@0.4.x",
                  "dependencies": {
                    "hoek": {
                      "version": "0.9.1",
                      "from": "hoek@0.9.x"
                    }
                  }
                },
                "cryptiles": {
                  "version": "0.2.2",
                  "from": "cryptiles@0.2.x"
                },
                "sntp": {
                  "version": "0.2.4",
                  "from": "sntp@0.2.x",
                  "dependencies": {
                    "hoek": {
                      "version": "0.9.1",
                      "from": "hoek@0.9.x"
                    }
                  }
                }
              }
            },
            "aws-sign": {
              "version": "0.3.0",
              "from": "aws-sign@~0.3.0"
            },
            "oauth-sign": {
              "version": "0.3.0",
              "from": "oauth-sign@~0.3.0"
            },
            "cookie-jar": {
              "version": "0.3.0",
              "from": "cookie-jar@~0.3.0"
            },
            "node-uuid": {
              "version": "1.4.1",
              "from": "node-uuid@~1.4.0"
            },
            "mime": {
              "version": "1.2.11",
              "from": "mime@~1.2.9"
            },
            "form-data": {
              "version": "0.0.8",
              "from": "form-data@0.0.8",
              "resolved": "https://registry.npmjs.org/form-data/-/form-data-0.0.8.tgz",
              "dependencies": {
                "combined-stream": {
                  "version": "0.0.4",
                  "from": "combined-stream@~0.0.4",
                  "dependencies": {
                    "delayed-stream": {
                      "version": "0.0.5",
                      "from": "delayed-stream@0.0.5"
                    }
                  }
                },
                "async": {
                  "version": "0.2.9",
                  "from": "async@~0.2.7"
                }
              }
            }
          }
        },
        "addressparser": {
          "version": "0.1.3",
          "from": "addressparser@~0.1.3"
        },
        "array-indexofobject": {
          "version": "0.0.1",
          "from": "array-indexofobject@0.0.1"
        },
        "readable-stream": {
          "version": "1.0.17",
          "from": "readable-stream@1.0.x"
        },
        "resanitize": {
          "version": "0.1.11",
          "from": "resanitize@~0.1.10"
        }
      }
    },
    "jade": {
      "version": "0.35.0",
      "from": "jade@*",
      "resolved": "https://registry.npmjs.org/jade/-/jade-0.35.0.tgz",
      "dependencies": {
        "commander": {
          "version": "2.0.0",
          "from": "commander@2.0.0",
          "resolved": "https://registry.npmjs.org/commander/-/commander-2.0.0.tgz"
        },
        "mkdirp": {
          "version": "0.3.5",
          "from": "mkdirp@0.3.x"
        },
        "transformers": {
          "version": "2.1.0",
          "from": "transformers@2.1.0",
          "dependencies": {
            "promise": {
              "version": "2.0.0",
              "from": "promise@~2.0",
              "dependencies": {
                "is-promise": {
                  "version": "1.0.0",
                  "from": "is-promise@~1"
                }
              }
            },
            "css": {
              "version": "1.0.8",
              "from": "css@~1.0.8",
              "dependencies": {
                "css-parse": {
                  "version": "1.0.4",
                  "from": "css-parse@1.0.4",
                  "resolved": "https://registry.npmjs.org/css-parse/-/css-parse-1.0.4.tgz"
                },
                "css-stringify": {
                  "version": "1.0.5",
                  "from": "css-stringify@1.0.5"
                }
              }
            },
            "uglify-js": {
              "version": "2.2.5",
              "from": "uglify-js@~2.2.5",
              "dependencies": {
                "source-map": {
                  "version": "0.1.30",
                  "from": "source-map@~0.1.7",
                  "resolved": "https://registry.npmjs.org/source-map/-/source-map-0.1.30.tgz",
                  "dependencies": {
                    "amdefine": {
                      "version": "0.0.8",
                      "from": "amdefine@>=0.0.4"
                    }
                  }
                },
                "optimist": {
                  "version": "0.3.7",
                  "from": "optimist@~0.3.5",
                  "dependencies": {
                    "wordwrap": {
                      "version": "0.0.2",
                      "from": "wordwrap@~0.0.2"
                    }
                  }
                }
              }
            }
          }
        },
        "character-parser": {
          "version": "1.2.0",
          "from": "character-parser@1.2.0",
          "resolved": "https://registry.npmjs.org/character-parser/-/character-parser-1.2.0.tgz"
        },
        "monocle": {
          "version": "1.1.50",
          "from": "monocle@1.1.50",
          "resolved": "https://registry.npmjs.org/monocle/-/monocle-1.1.50.tgz",
          "dependencies": {
            "readdirp": {
              "version": "0.2.5",
              "from": "readdirp@~0.2.3",
              "dependencies": {
                "minimatch": {
                  "version": "0.2.12",
                  "from": "minimatch@>=0.2.4",
                  "dependencies": {
                    "lru-cache": {
                      "version": "2.3.1",
                      "from": "lru-cache@2"
                    },
                    "sigmund": {
                      "version": "1.0.0",
                      "from": "sigmund@~1.0.0"
                    }
                  }
                }
              }
            }
          }
        },
        "with": {
          "version": "1.1.1",
          "from": "with@~1.1.0",
          "resolved": "https://registry.npmjs.org/with/-/with-1.1.1.tgz",
          "dependencies": {
            "uglify-js": {
              "version": "2.4.0",
              "from": "uglify-js@~2.4.0",
              "resolved": "https://registry.npmjs.org/uglify-js/-/uglify-js-2.4.0.tgz",
              "dependencies": {
                "async": {
                  "version": "0.2.9",
                  "from": "async@~0.2.6"
                },
                "source-map": {
                  "version": "0.1.30",
                  "from": "source-map@~0.1.7",
                  "resolved": "https://registry.npmjs.org/source-map/-/source-map-0.1.30.tgz",
                  "dependencies": {
                    "amdefine": {
                      "version": "0.0.8",
                      "from": "amdefine@>=0.0.4"
                    }
                  }
                },
                "optimist": {
                  "version": "0.3.7",
                  "from": "optimist@~0.3.5",
                  "dependencies": {
                    "wordwrap": {
                      "version": "0.0.2",
                      "from": "wordwrap@~0.0.2"
                    }
                  }
                },
                "uglify-to-browserify": {
                  "version": "1.0.1",
                  "from": "uglify-to-browserify@~1.0.0",
                  "resolved": "https://registry.npmjs.org/uglify-to-browserify/-/uglify-to-browserify-1.0.1.tgz"
                }
              }
            }
          }
        },
        "constantinople": {
          "version": "1.0.2",
          "from": "constantinople@~1.0.1",
          "resolved": "https://registry.npmjs.org/constantinople/-/constantinople-1.0.2.tgz",
          "dependencies": {
            "uglify-js": {
              "version": "2.4.0",
              "from": "uglify-js@~2.4.0",
              "resolved": "https://registry.npmjs.org/uglify-js/-/uglify-js-2.4.0.tgz",
              "dependencies": {
                "async": {
                  "version": "0.2.9",
                  "from": "async@~0.2.6"
                },
                "source-map": {
                  "version": "0.1.30",
                  "from": "source-map@~0.1.7",
                  "resolved": "https://registry.npmjs.org/source-map/-/source-map-0.1.30.tgz",
                  "dependencies": {
                    "amdefine": {
                      "version": "0.0.8",
                      "from": "amdefine@>=0.0.4"
                    }
                  }
                },
                "optimist": {
                  "version": "0.3.7",
                  "from": "optimist@~0.3.5",
                  "dependencies": {
                    "wordwrap": {
                      "version": "0.0.2",
                      "from": "wordwrap@~0.0.2"
                    }
                  }
                },
                "uglify-to-browserify": {
                  "version": "1.0.1",
                  "from": "uglify-to-browserify@~1.0.0",
                  "resolved": "https://registry.npmjs.org/uglify-to-browserify/-/uglify-to-browserify-1.0.1.tgz"
                }
              }
            }
          }
        }
      }
    },
    "mongoose": {
      "version": "3.8.34",
      "from": "mongoose@3.8.34",
      "resolved": "https://registry.npmjs.org/mongoose/-/mongoose-3.8.34.tgz",
      "dependencies": {
        "mongodb": {
          "version": "1.4.38",
          "from": "mongodb@1.4.38",
          "resolved": "https://registry.npmjs.org/mongodb/-/mongodb-1.4.38.tgz",
          "dependencies": {
            "bson": {
              "version": "0.2.22",
              "from": "bson@>=0.2.0 <0.3.0",
              "resolved": "https://registry.npmjs.org/bson/-/bson-0.2.22.tgz",
              "dependencies": {
                "nan": {
                  "version": "1.8.4",
                  "from": "nan@>=1.8.0 <1.9.0",
                  "resolved": "https://registry.npmjs.org/nan/-/nan-1.8.4.tgz"
                }
              }
            },
            "kerberos": {
              "version": "0.0.11",
              "from": "kerberos@0.0.11",
              "resolved": "https://registry.npmjs.org/kerberos/-/kerberos-0.0.11.tgz",
              "dependencies": {
                "nan": {
                  "version": "1.8.4",
                  "from": "nan@>=1.8.0 <1.9.0",
                  "resolved": "https://registry.npmjs.org/nan/-/nan-1.8.4.tgz"
                }
              }
            },
            "readable-stream": {
              "version": "2.0.2",
              "from": "readable-stream@latest",
              "resolved": "https://registry.npmjs.org/readable-stream/-/readable-stream-2.0.2.tgz",
              "dependencies": {
                "core-util-is": {
                  "version": "1.0.1",
                  "from": "core-util-is@>=1.0.0 <1.1.0",
                  "resolved": "https://registry.npmjs.org/core-util-is/-/core-util-is-1.0.1.tgz"
                },
                "inherits": {
                  "version": "2.0.1",
                  "from": "inherits@>=2.0.1 <2.1.0",
                  "resolved": "https://registry.npmjs.org/inherits/-/inherits-2.0.1.tgz"
                },
                "isarray": {
                  "version": "0.0.1",
                  "from": "isarray@0.0.1",
                  "resolved": "https://registry.npmjs.org/isarray/-/isarray-0.0.1.tgz"
                },
                "process-nextick-args": {
                  "version": "1.0.2",
                  "from": "process-nextick-args@>=1.0.0 <1.1.0",
                  "resolved": "https://registry.npmjs.org/process-nextick-args/-/process-nextick-args-1.0.2.tgz"
                },
                "string_decoder": {
                  "version": "0.10.31",
                  "from": "string_decoder@>=0.10.0 <0.11.0",
                  "resolved": "https://registry.npmjs.org/string_decoder/-/string_decoder-0.10.31.tgz"
                },
                "util-deprecate": {
                  "version": "1.0.1",
                  "from": "util-deprecate@>=1.0.1 <1.1.0",
                  "resolved": "https://registry.npmjs.org/util-deprecate/-/util-deprecate-1.0.1.tgz"
                }
              }
            }
          }
        },
        "hooks": {
          "version": "0.2.1",
          "from": "hooks@0.2.1",
          "resolved": "https://registry.npmjs.org/hooks/-/hooks-0.2.1.tgz"
        },
        "ms": {
          "version": "0.1.0",
          "from": "ms@0.1.0",
          "resolved": "https://registry.npmjs.org/ms/-/ms-0.1.0.tgz"
        },
        "sliced": {
          "version": "0.0.5",
          "from": "sliced@0.0.5",
          "resolved": "https://registry.npmjs.org/sliced/-/sliced-0.0.5.tgz"
        },
        "muri": {
          "version": "1.1.0",
          "from": "muri@1.1.0",
          "resolved": "https://registry.npmjs.org/muri/-/muri-1.1.0.tgz"
        },
        "mpromise": {
          "version": "0.4.3",
          "from": "mpromise@0.4.3",
          "resolved": "https://registry.npmjs.org/mpromise/-/mpromise-0.4.3.tgz"
        },
        "mpath": {
          "version": "0.1.1",
          "from": "mpath@0.1.1",
          "resolved": "https://registry.npmjs.org/mpath/-/mpath-0.1.1.tgz"
        },
        "regexp-clone": {
          "version": "0.0.1",
          "from": "regexp-clone@0.0.1",
          "resolved": "https://registry.npmjs.org/regexp-clone/-/regexp-clone-0.0.1.tgz"
        },
        "mquery": {
          "version": "1.6.1",
          "from": "mquery@1.6.1",
          "resolved": "https://registry.npmjs.org/mquery/-/mquery-1.6.1.tgz",
          "dependencies": {
            "bluebird": {
              "version": "2.9.26",
              "from": "bluebird@2.9.26",
              "resolved": "https://registry.npmjs.org/bluebird/-/bluebird-2.9.26.tgz"
            },
            "debug": {
              "version": "2.2.0",
              "from": "debug@2.2.0",
              "resolved": "https://registry.npmjs.org/debug/-/debug-2.2.0.tgz",
              "dependencies": {
                "ms": {
                  "version": "0.7.1",
                  "from": "ms@0.7.1",
                  "resolved": "https://registry.npmjs.org/ms/-/ms-0.7.1.tgz"
                }
              }
            }
          }
        }
      }
    },
    "mongoose-concrete-timestamps": {
      "version": "0.1.0",
      "from": "mongoose-concrete-timestamps@~0.1.0",
      "dependencies": {
        "underscore": {
          "version": "1.5.2",
          "from": "underscore@latest"
        }
      }
    },
    "node-schedule": {
      "version": "0.1.11",
      "from": "node-schedule@~0.1.11"
    },
    "request": {
      "version": "2.26.0",
      "from": "request@2.26.0",
      "resolved": "https://registry.npmjs.org/request/-/request-2.26.0.tgz",
      "dependencies": {
        "qs": {
          "version": "0.6.5",
          "from": "qs@~0.6.0"
        },
        "json-stringify-safe": {
          "version": "5.0.0",
          "from": "json-stringify-safe@~5.0.0"
        },
        "forever-agent": {
          "version": "0.5.0",
          "from": "forever-agent@~0.5.0"
        },
        "tunnel-agent": {
          "version": "0.3.0",
          "from": "tunnel-agent@~0.3.0"
        },
        "http-signature": {
          "version": "0.10.0",
          "from": "http-signature@~0.10.0",
          "dependencies": {
            "assert-plus": {
              "version": "0.1.2",
              "from": "assert-plus@0.1.2"
            },
            "asn1": {
              "version": "0.1.11",
              "from": "asn1@0.1.11"
            },
            "ctype": {
              "version": "0.5.2",
              "from": "ctype@0.5.2"
            }
          }
        },
        "hawk": {
          "version": "1.0.0",
          "from": "hawk@~1.0.0",
          "dependencies": {
            "hoek": {
              "version": "0.9.1",
              "from": "hoek@0.9.x"
            },
            "boom": {
              "version": "0.4.2",
              "from": "boom@0.4.x"
            },
            "cryptiles": {
              "version": "0.2.2",
              "from": "cryptiles@0.2.x"
            },
            "sntp": {
              "version": "0.2.4",
              "from": "sntp@0.2.x"
            }
          }
        },
        "aws-sign": {
          "version": "0.3.0",
          "from": "aws-sign@~0.3.0"
        },
        "oauth-sign": {
          "version": "0.3.0",
          "from": "oauth-sign@~0.3.0"
        },
        "cookie-jar": {
          "version": "0.3.0",
          "from": "cookie-jar@~0.3.0"
        },
        "node-uuid": {
          "version": "1.4.1",
          "from": "node-uuid@~1.4.0"
        },
        "mime": {
          "version": "1.2.11",
          "from": "mime@~1.2.9"
        },
        "form-data": {
          "version": "0.1.2",
          "from": "form-data@~0.1.0",
          "resolved": "https://registry.npmjs.org/form-data/-/form-data-0.1.2.tgz",
          "dependencies": {
            "combined-stream": {
              "version": "0.0.4",
              "from": "combined-stream@~0.0.4",
              "dependencies": {
                "delayed-stream": {
                  "version": "0.0.5",
                  "from": "delayed-stream@0.0.5"
                }
              }
            },
            "async": {
              "version": "0.2.9",
              "from": "async@~0.2.9"
            }
          }
        }
      }
    }
  }
}
